
Microsoft Visual Studio Solution File, Format Version 12.00
# Visual Studio 15
VisualStudioVersion = 15.0.26430.16
MinimumVisualStudioVersion = 10.0.40219.1
Project("{8BC9CEB8-8B4A-11D0-8D11-00A0C91BC942}") = "browser1", "browser1\browser1.vcxproj", "{21D943E6-F3B2-4AA6-9285-92972DCBA243}"
	ProjectSection(ProjectDependencies) = postProject
		{F8D32E1C-126E-4808-A5D2-09386719F2EC} = {F8D32E1C-126E-4808-A5D2-09386719F2EC}
		{DE76CB38-E5EF-47BE-B497-C07A846B229B} = {DE76CB38-E5EF-47BE-B497-C07A846B229B}
		{6FCECA4D-510D-3A5F-BEE2-7BF11C65C23E} = {6FCECA4D-510D-3A5F-BEE2-7BF11C65C23E}
	EndProjectSection
EndProject
Project("{8BC9CEB8-8B4A-11D0-8D11-00A0C91BC942}") = "DuiLib", "DuiLib\DuiLib.vcxproj", "{6FCECA4D-510D-3A5F-BEE2-7BF11C65C23E}"
EndProject
Project("{8BC9CEB8-8B4A-11D0-8D11-00A0C91BC942}") = "Http_Proxy_Server", "..\GMSSL_Proxy\src\MDSM\MDSM.vcxproj", "{F8D32E1C-126E-4808-A5D2-09386719F2EC}"
EndProject
Project("{8BC9CEB8-8B4A-11D0-8D11-00A0C91BC942}") = "GMSSL", "..\GMSSL\src\Build\windows\GMSSL\GMSSL\GMSSL.vcxproj", "{DE76CB38-E5EF-47BE-B497-C07A846B229B}"
EndProject
Global
	GlobalSection(SolutionConfigurationPlatforms) = preSolution
		Debug|Win32 = Debug|Win32
		Debug|x64 = Debug|x64
		DebugA|Win32 = DebugA|Win32
		DebugA|x64 = DebugA|x64
		ExeD|Win32 = ExeD|Win32
		ExeD|x64 = ExeD|x64
		MinSizeRel|Win32 = MinSizeRel|Win32
		MinSizeRel|x64 = MinSizeRel|x64
		Release|Win32 = Release|Win32
		Release|x64 = Release|x64
		ReleaseA|Win32 = ReleaseA|Win32
		ReleaseA|x64 = ReleaseA|x64
		RelWithDebInfo|Win32 = RelWithDebInfo|Win32
		RelWithDebInfo|x64 = RelWithDebInfo|x64
		SDebug|Win32 = SDebug|Win32
		SDebug|x64 = SDebug|x64
		SDebugA|Win32 = SDebugA|Win32
		SDebugA|x64 = SDebugA|x64
		SRelease|Win32 = SRelease|Win32
		SRelease|x64 = SRelease|x64
		SReleaseA|Win32 = SReleaseA|Win32
		SReleaseA|x64 = SReleaseA|x64
		UnicodeDebug|Win32 = UnicodeDebug|Win32
		UnicodeDebug|x64 = UnicodeDebug|x64
		UnicodeRelease|Win32 = UnicodeRelease|Win32
		UnicodeRelease|x64 = UnicodeRelease|x64
	EndGlobalSection
	GlobalSection(ProjectConfigurationPlatforms) = postSolution
		{21D943E6-F3B2-4AA6-9285-92972DCBA243}.Debug|Win32.ActiveCfg = Debug|Win32
		{21D943E6-F3B2-4AA6-9285-92972DCBA243}.Debug|Win32.Build.0 = Debug|Win32
		{21D943E6-F3B2-4AA6-9285-92972DCBA243}.Debug|x64.ActiveCfg = Debug|Win32
		{21D943E6-F3B2-4AA6-9285-92972DCBA243}.DebugA|Win32.ActiveCfg = Debug|Win32
		{21D943E6-F3B2-4AA6-9285-92972DCBA243}.DebugA|Win32.Build.0 = Debug|Win32
		{21D943E6-F3B2-4AA6-9285-92972DCBA243}.DebugA|x64.ActiveCfg = Debug|Win32
		{21D943E6-F3B2-4AA6-9285-92972DCBA243}.ExeD|Win32.ActiveCfg = Release|Win32
		{21D943E6-F3B2-4AA6-9285-92972DCBA243}.ExeD|Win32.Build.0 = Release|Win32
		{21D943E6-F3B2-4AA6-9285-92972DCBA243}.ExeD|x64.ActiveCfg = Release|Win32
		{21D943E6-F3B2-4AA6-9285-92972DCBA243}.ExeD|x64.Build.0 = Release|Win32
		{21D943E6-F3B2-4AA6-9285-92972DCBA243}.MinSizeRel|Win32.ActiveCfg = Release|Win32
		{21D943E6-F3B2-4AA6-9285-92972DCBA243}.MinSizeRel|Win32.Build.0 = Release|Win32
		{21D943E6-F3B2-4AA6-9285-92972DCBA243}.MinSizeRel|x64.ActiveCfg = Release|Win32
		{21D943E6-F3B2-4AA6-9285-92972DCBA243}.Release|Win32.ActiveCfg = Release|Win32
		{21D943E6-F3B2-4AA6-9285-92972DCBA243}.Release|Win32.Build.0 = Release|Win32
		{21D943E6-F3B2-4AA6-9285-92972DCBA243}.Release|x64.ActiveCfg = Release|Win32
		{21D943E6-F3B2-4AA6-9285-92972DCBA243}.ReleaseA|Win32.ActiveCfg = Release|Win32
		{21D943E6-F3B2-4AA6-9285-92972DCBA243}.ReleaseA|Win32.Build.0 = Release|Win32
		{21D943E6-F3B2-4AA6-9285-92972DCBA243}.ReleaseA|x64.ActiveCfg = Release|Win32
		{21D943E6-F3B2-4AA6-9285-92972DCBA243}.RelWithDebInfo|Win32.ActiveCfg = Release|Win32
		{21D943E6-F3B2-4AA6-9285-92972DCBA243}.RelWithDebInfo|Win32.Build.0 = Release|Win32
		{21D943E6-F3B2-4AA6-9285-92972DCBA243}.RelWithDebInfo|x64.ActiveCfg = Release|Win32
		{21D943E6-F3B2-4AA6-9285-92972DCBA243}.SDebug|Win32.ActiveCfg = Debug|Win32
		{21D943E6-F3B2-4AA6-9285-92972DCBA243}.SDebug|Win32.Build.0 = Debug|Win32
		{21D943E6-F3B2-4AA6-9285-92972DCBA243}.SDebug|x64.ActiveCfg = Debug|Win32
		{21D943E6-F3B2-4AA6-9285-92972DCBA243}.SDebugA|Win32.ActiveCfg = Debug|Win32
		{21D943E6-F3B2-4AA6-9285-92972DCBA243}.SDebugA|Win32.Build.0 = Debug|Win32
		{21D943E6-F3B2-4AA6-9285-92972DCBA243}.SDebugA|x64.ActiveCfg = Debug|Win32
		{21D943E6-F3B2-4AA6-9285-92972DCBA243}.SRelease|Win32.ActiveCfg = Release|Win32
		{21D943E6-F3B2-4AA6-9285-92972DCBA243}.SRelease|Win32.Build.0 = Release|Win32
		{21D943E6-F3B2-4AA6-9285-92972DCBA243}.SRelease|x64.ActiveCfg = Release|Win32
		{21D943E6-F3B2-4AA6-9285-92972DCBA243}.SReleaseA|Win32.ActiveCfg = Release|Win32
		{21D943E6-F3B2-4AA6-9285-92972DCBA243}.SReleaseA|Win32.Build.0 = Release|Win32
		{21D943E6-F3B2-4AA6-9285-92972DCBA243}.SReleaseA|x64.ActiveCfg = Release|Win32
		{21D943E6-F3B2-4AA6-9285-92972DCBA243}.UnicodeDebug|Win32.ActiveCfg = Debug|Win32
		{21D943E6-F3B2-4AA6-9285-92972DCBA243}.UnicodeDebug|Win32.Build.0 = Debug|Win32
		{21D943E6-F3B2-4AA6-9285-92972DCBA243}.UnicodeDebug|x64.ActiveCfg = Debug|Win32
		{21D943E6-F3B2-4AA6-9285-92972DCBA243}.UnicodeRelease|Win32.ActiveCfg = Release|Win32
		{21D943E6-F3B2-4AA6-9285-92972DCBA243}.UnicodeRelease|Win32.Build.0 = Release|Win32
		{21D943E6-F3B2-4AA6-9285-92972DCBA243}.UnicodeRelease|x64.ActiveCfg = Release|Win32
		{6FCECA4D-510D-3A5F-BEE2-7BF11C65C23E}.Debug|Win32.ActiveCfg = Debug|Win32
		{6FCECA4D-510D-3A5F-BEE2-7BF11C65C23E}.Debug|Win32.Build.0 = Debug|Win32
		{6FCECA4D-510D-3A5F-BEE2-7BF11C65C23E}.Debug|x64.ActiveCfg = Debug|x64
		{6FCECA4D-510D-3A5F-BEE2-7BF11C65C23E}.Debug|x64.Build.0 = Debug|x64
		{6FCECA4D-510D-3A5F-BEE2-7BF11C65C23E}.DebugA|Win32.ActiveCfg = DebugA|Win32
		{6FCECA4D-510D-3A5F-BEE2-7BF11C65C23E}.DebugA|Win32.Build.0 = DebugA|Win32
		{6FCECA4D-510D-3A5F-BEE2-7BF11C65C23E}.DebugA|x64.ActiveCfg = DebugA|x64
		{6FCECA4D-510D-3A5F-BEE2-7BF11C65C23E}.DebugA|x64.Build.0 = DebugA|x64
		{6FCECA4D-510D-3A5F-BEE2-7BF11C65C23E}.ExeD|Win32.ActiveCfg = SReleaseA|Win32
		{6FCECA4D-510D-3A5F-BEE2-7BF11C65C23E}.ExeD|Win32.Build.0 = SReleaseA|Win32
		{6FCECA4D-510D-3A5F-BEE2-7BF11C65C23E}.ExeD|x64.ActiveCfg = SReleaseA|x64
		{6FCECA4D-510D-3A5F-BEE2-7BF11C65C23E}.ExeD|x64.Build.0 = SReleaseA|x64
		{6FCECA4D-510D-3A5F-BEE2-7BF11C65C23E}.MinSizeRel|Win32.ActiveCfg = SRelease|x64
		{6FCECA4D-510D-3A5F-BEE2-7BF11C65C23E}.MinSizeRel|x64.ActiveCfg = SRelease|x64
		{6FCECA4D-510D-3A5F-BEE2-7BF11C65C23E}.MinSizeRel|x64.Build.0 = SRelease|x64
		{6FCECA4D-510D-3A5F-BEE2-7BF11C65C23E}.Release|Win32.ActiveCfg = Release|Win32
		{6FCECA4D-510D-3A5F-BEE2-7BF11C65C23E}.Release|Win32.Build.0 = Release|Win32
		{6FCECA4D-510D-3A5F-BEE2-7BF11C65C23E}.Release|x64.ActiveCfg = Release|x64
		{6FCECA4D-510D-3A5F-BEE2-7BF11C65C23E}.Release|x64.Build.0 = Release|x64
		{6FCECA4D-510D-3A5F-BEE2-7BF11C65C23E}.ReleaseA|Win32.ActiveCfg = ReleaseA|Win32
		{6FCECA4D-510D-3A5F-BEE2-7BF11C65C23E}.ReleaseA|Win32.Build.0 = ReleaseA|Win32
		{6FCECA4D-510D-3A5F-BEE2-7BF11C65C23E}.ReleaseA|x64.ActiveCfg = ReleaseA|x64
		{6FCECA4D-510D-3A5F-BEE2-7BF11C65C23E}.ReleaseA|x64.Build.0 = ReleaseA|x64
		{6FCECA4D-510D-3A5F-BEE2-7BF11C65C23E}.RelWithDebInfo|Win32.ActiveCfg = Release|x64
		{6FCECA4D-510D-3A5F-BEE2-7BF11C65C23E}.RelWithDebInfo|x64.ActiveCfg = Release|x64
		{6FCECA4D-510D-3A5F-BEE2-7BF11C65C23E}.RelWithDebInfo|x64.Build.0 = Release|x64
		{6FCECA4D-510D-3A5F-BEE2-7BF11C65C23E}.SDebug|Win32.ActiveCfg = SDebug|Win32
		{6FCECA4D-510D-3A5F-BEE2-7BF11C65C23E}.SDebug|Win32.Build.0 = SDebug|Win32
		{6FCECA4D-510D-3A5F-BEE2-7BF11C65C23E}.SDebug|x64.ActiveCfg = SDebug|x64
		{6FCECA4D-510D-3A5F-BEE2-7BF11C65C23E}.SDebug|x64.Build.0 = SDebug|x64
		{6FCECA4D-510D-3A5F-BEE2-7BF11C65C23E}.SDebugA|Win32.ActiveCfg = SDebugA|Win32
		{6FCECA4D-510D-3A5F-BEE2-7BF11C65C23E}.SDebugA|Win32.Build.0 = SDebugA|Win32
		{6FCECA4D-510D-3A5F-BEE2-7BF11C65C23E}.SDebugA|x64.ActiveCfg = SDebugA|x64
		{6FCECA4D-510D-3A5F-BEE2-7BF11C65C23E}.SDebugA|x64.Build.0 = SDebugA|x64
		{6FCECA4D-510D-3A5F-BEE2-7BF11C65C23E}.SRelease|Win32.ActiveCfg = SRelease|Win32
		{6FCECA4D-510D-3A5F-BEE2-7BF11C65C23E}.SRelease|Win32.Build.0 = SRelease|Win32
		{6FCECA4D-510D-3A5F-BEE2-7BF11C65C23E}.SRelease|x64.ActiveCfg = SRelease|x64
		{6FCECA4D-510D-3A5F-BEE2-7BF11C65C23E}.SRelease|x64.Build.0 = SRelease|x64
		{6FCECA4D-510D-3A5F-BEE2-7BF11C65C23E}.SReleaseA|Win32.ActiveCfg = SReleaseA|Win32
		{6FCECA4D-510D-3A5F-BEE2-7BF11C65C23E}.SReleaseA|Win32.Build.0 = SReleaseA|Win32
		{6FCECA4D-510D-3A5F-BEE2-7BF11C65C23E}.SReleaseA|x64.ActiveCfg = SReleaseA|x64
		{6FCECA4D-510D-3A5F-BEE2-7BF11C65C23E}.SReleaseA|x64.Build.0 = SReleaseA|x64
		{6FCECA4D-510D-3A5F-BEE2-7BF11C65C23E}.UnicodeDebug|Win32.ActiveCfg = Debug|Win32
		{6FCECA4D-510D-3A5F-BEE2-7BF11C65C23E}.UnicodeDebug|Win32.Build.0 = Debug|Win32
		{6FCECA4D-510D-3A5F-BEE2-7BF11C65C23E}.UnicodeDebug|x64.ActiveCfg = Debug|x64
		{6FCECA4D-510D-3A5F-BEE2-7BF11C65C23E}.UnicodeDebug|x64.Build.0 = Debug|x64
		{6FCECA4D-510D-3A5F-BEE2-7BF11C65C23E}.UnicodeRelease|Win32.ActiveCfg = Release|Win32
		{6FCECA4D-510D-3A5F-BEE2-7BF11C65C23E}.UnicodeRelease|Win32.Build.0 = Release|Win32
		{6FCECA4D-510D-3A5F-BEE2-7BF11C65C23E}.UnicodeRelease|x64.ActiveCfg = Release|x64
		{6FCECA4D-510D-3A5F-BEE2-7BF11C65C23E}.UnicodeRelease|x64.Build.0 = Release|x64
		{F8D32E1C-126E-4808-A5D2-09386719F2EC}.Debug|Win32.ActiveCfg = Debug|Win32
		{F8D32E1C-126E-4808-A5D2-09386719F2EC}.Debug|Win32.Build.0 = Debug|Win32
		{F8D32E1C-126E-4808-A5D2-09386719F2EC}.Debug|x64.ActiveCfg = Debug|x64
		{F8D32E1C-126E-4808-A5D2-09386719F2EC}.Debug|x64.Build.0 = Debug|x64
		{F8D32E1C-126E-4808-A5D2-09386719F2EC}.DebugA|Win32.ActiveCfg = Debug|Win32
		{F8D32E1C-126E-4808-A5D2-09386719F2EC}.DebugA|Win32.Build.0 = Debug|Win32
		{F8D32E1C-126E-4808-A5D2-09386719F2EC}.DebugA|x64.ActiveCfg = Debug|x64
		{F8D32E1C-126E-4808-A5D2-09386719F2EC}.DebugA|x64.Build.0 = Debug|x64
		{F8D32E1C-126E-4808-A5D2-09386719F2EC}.ExeD|Win32.ActiveCfg = ExeD|Win32
		{F8D32E1C-126E-4808-A5D2-09386719F2EC}.ExeD|Win32.Build.0 = ExeD|Win32
		{F8D32E1C-126E-4808-A5D2-09386719F2EC}.ExeD|x64.ActiveCfg = ExeD|x64
		{F8D32E1C-126E-4808-A5D2-09386719F2EC}.ExeD|x64.Build.0 = ExeD|x64
		{F8D32E1C-126E-4808-A5D2-09386719F2EC}.MinSizeRel|Win32.ActiveCfg = ExeD|Win32
		{F8D32E1C-126E-4808-A5D2-09386719F2EC}.MinSizeRel|Win32.Build.0 = ExeD|Win32
		{F8D32E1C-126E-4808-A5D2-09386719F2EC}.MinSizeRel|x64.ActiveCfg = ExeD|x64
		{F8D32E1C-126E-4808-A5D2-09386719F2EC}.MinSizeRel|x64.Build.0 = ExeD|x64
		{F8D32E1C-126E-4808-A5D2-09386719F2EC}.Release|Win32.ActiveCfg = Release|Win32
		{F8D32E1C-126E-4808-A5D2-09386719F2EC}.Release|Win32.Build.0 = Release|Win32
		{F8D32E1C-126E-4808-A5D2-09386719F2EC}.Release|x64.ActiveCfg = Release|x64
		{F8D32E1C-126E-4808-A5D2-09386719F2EC}.Release|x64.Build.0 = Release|x64
		{F8D32E1C-126E-4808-A5D2-09386719F2EC}.ReleaseA|Win32.ActiveCfg = Release|Win32
		{F8D32E1C-126E-4808-A5D2-09386719F2EC}.ReleaseA|Win32.Build.0 = Release|Win32
		{F8D32E1C-126E-4808-A5D2-09386719F2EC}.ReleaseA|x64.ActiveCfg = Release|x64
		{F8D32E1C-126E-4808-A5D2-09386719F2EC}.ReleaseA|x64.Build.0 = Release|x64
		{F8D32E1C-126E-4808-A5D2-09386719F2EC}.RelWithDebInfo|Win32.ActiveCfg = Release|Win32
		{F8D32E1C-126E-4808-A5D2-09386719F2EC}.RelWithDebInfo|Win32.Build.0 = Release|Win32
		{F8D32E1C-126E-4808-A5D2-09386719F2EC}.RelWithDebInfo|x64.ActiveCfg = Release|x64
		{F8D32E1C-126E-4808-A5D2-09386719F2EC}.RelWithDebInfo|x64.Build.0 = Release|x64
		{F8D32E1C-126E-4808-A5D2-09386719F2EC}.SDebug|Win32.ActiveCfg = Debug|Win32
		{F8D32E1C-126E-4808-A5D2-09386719F2EC}.SDebug|Win32.Build.0 = Debug|Win32
		{F8D32E1C-126E-4808-A5D2-09386719F2EC}.SDebug|x64.ActiveCfg = Debug|x64
		{F8D32E1C-126E-4808-A5D2-09386719F2EC}.SDebug|x64.Build.0 = Debug|x64
		{F8D32E1C-126E-4808-A5D2-09386719F2EC}.SDebugA|Win32.ActiveCfg = Debug|Win32
		{F8D32E1C-126E-4808-A5D2-09386719F2EC}.SDebugA|Win32.Build.0 = Debug|Win32
		{F8D32E1C-126E-4808-A5D2-09386719F2EC}.SDebugA|x64.ActiveCfg = Debug|x64
		{F8D32E1C-126E-4808-A5D2-09386719F2EC}.SDebugA|x64.Build.0 = Debug|x64
		{F8D32E1C-126E-4808-A5D2-09386719F2EC}.SRelease|Win32.ActiveCfg = Release|Win32
		{F8D32E1C-126E-4808-A5D2-09386719F2EC}.SRelease|Win32.Build.0 = Release|Win32
		{F8D32E1C-126E-4808-A5D2-09386719F2EC}.SRelease|x64.ActiveCfg = Release|x64
		{F8D32E1C-126E-4808-A5D2-09386719F2EC}.SRelease|x64.Build.0 = Release|x64
		{F8D32E1C-126E-4808-A5D2-09386719F2EC}.SReleaseA|Win32.ActiveCfg = Release|Win32
		{F8D32E1C-126E-4808-A5D2-09386719F2EC}.SReleaseA|Win32.Build.0 = Release|Win32
		{F8D32E1C-126E-4808-A5D2-09386719F2EC}.SReleaseA|x64.ActiveCfg = Release|x64
		{F8D32E1C-126E-4808-A5D2-09386719F2EC}.SReleaseA|x64.Build.0 = Release|x64
		{F8D32E1C-126E-4808-A5D2-09386719F2EC}.UnicodeDebug|Win32.ActiveCfg = Debug|Win32
		{F8D32E1C-126E-4808-A5D2-09386719F2EC}.UnicodeDebug|Win32.Build.0 = Debug|Win32
		{F8D32E1C-126E-4808-A5D2-09386719F2EC}.UnicodeDebug|x64.ActiveCfg = Debug|x64
		{F8D32E1C-126E-4808-A5D2-09386719F2EC}.UnicodeDebug|x64.Build.0 = Debug|x64
		{F8D32E1C-126E-4808-A5D2-09386719F2EC}.UnicodeRelease|Win32.ActiveCfg = Release|Win32
		{F8D32E1C-126E-4808-A5D2-09386719F2EC}.UnicodeRelease|Win32.Build.0 = Release|Win32
		{F8D32E1C-126E-4808-A5D2-09386719F2EC}.UnicodeRelease|x64.ActiveCfg = Release|x64
		{F8D32E1C-126E-4808-A5D2-09386719F2EC}.UnicodeRelease|x64.Build.0 = Release|x64
		{DE76CB38-E5EF-47BE-B497-C07A846B229B}.Debug|Win32.ActiveCfg = Debug|Win32
		{DE76CB38-E5EF-47BE-B497-C07A846B229B}.Debug|Win32.Build.0 = Debug|Win32
		{DE76CB38-E5EF-47BE-B497-C07A846B229B}.Debug|x64.ActiveCfg = Debug|Win32
		{DE76CB38-E5EF-47BE-B497-C07A846B229B}.DebugA|Win32.ActiveCfg = Debug|Win32
		{DE76CB38-E5EF-47BE-B497-C07A846B229B}.DebugA|Win32.Build.0 = Debug|Win32
		{DE76CB38-E5EF-47BE-B497-C07A846B229B}.DebugA|x64.ActiveCfg = ExeD|Win32
		{DE76CB38-E5EF-47BE-B497-C07A846B229B}.DebugA|x64.Build.0 = ExeD|Win32
		{DE76CB38-E5EF-47BE-B497-C07A846B229B}.ExeD|Win32.ActiveCfg = ExeD|Win32
		{DE76CB38-E5EF-47BE-B497-C07A846B229B}.ExeD|Win32.Build.0 = ExeD|Win32
		{DE76CB38-E5EF-47BE-B497-C07A846B229B}.ExeD|x64.ActiveCfg = ExeD|Win32
		{DE76CB38-E5EF-47BE-B497-C07A846B229B}.MinSizeRel|Win32.ActiveCfg = ExeD|Win32
		{DE76CB38-E5EF-47BE-B497-C07A846B229B}.MinSizeRel|Win32.Build.0 = ExeD|Win32
		{DE76CB38-E5EF-47BE-B497-C07A846B229B}.MinSizeRel|x64.ActiveCfg = ExeD|Win32
		{DE76CB38-E5EF-47BE-B497-C07A846B229B}.MinSizeRel|x64.Build.0 = ExeD|Win32
		{DE76CB38-E5EF-47BE-B497-C07A846B229B}.Release|Win32.ActiveCfg = Release|Win32
		{DE76CB38-E5EF-47BE-B497-C07A846B229B}.Release|Win32.Build.0 = Release|Win32
		{DE76CB38-E5EF-47BE-B497-C07A846B229B}.Release|x64.ActiveCfg = Release|Win32
		{DE76CB38-E5EF-47BE-B497-C07A846B229B}.ReleaseA|Win32.ActiveCfg = Release|Win32
		{DE76CB38-E5EF-47BE-B497-C07A846B229B}.ReleaseA|Win32.Build.0 = Release|Win32
		{DE76CB38-E5EF-47BE-B497-C07A846B229B}.ReleaseA|x64.ActiveCfg = ExeD|Win32
		{DE76CB38-E5EF-47BE-B497-C07A846B229B}.ReleaseA|x64.Build.0 = ExeD|Win32
		{DE76CB38-E5EF-47BE-B497-C07A846B229B}.RelWithDebInfo|Win32.ActiveCfg = Release|Win32
		{DE76CB38-E5EF-47BE-B497-C07A846B229B}.RelWithDebInfo|Win32.Build.0 = Release|Win32
		{DE76CB38-E5EF-47BE-B497-C07A846B229B}.RelWithDebInfo|x64.ActiveCfg = ExeD|Win32
		{DE76CB38-E5EF-47BE-B497-C07A846B229B}.RelWithDebInfo|x64.Build.0 = ExeD|Win32
		{DE76CB38-E5EF-47BE-B497-C07A846B229B}.SDebug|Win32.ActiveCfg = Debug|Win32
		{DE76CB38-E5EF-47BE-B497-C07A846B229B}.SDebug|Win32.Build.0 = Debug|Win32
		{DE76CB38-E5EF-47BE-B497-C07A846B229B}.SDebug|x64.ActiveCfg = ExeD|Win32
		{DE76CB38-E5EF-47BE-B497-C07A846B229B}.SDebug|x64.Build.0 = ExeD|Win32
		{DE76CB38-E5EF-47BE-B497-C07A846B229B}.SDebugA|Win32.ActiveCfg = Debug|Win32
		{DE76CB38-E5EF-47BE-B497-C07A846B229B}.SDebugA|Win32.Build.0 = Debug|Win32
		{DE76CB38-E5EF-47BE-B497-C07A846B229B}.SDebugA|x64.ActiveCfg = ExeD|Win32
		{DE76CB38-E5EF-47BE-B497-C07A846B229B}.SDebugA|x64.Build.0 = ExeD|Win32
		{DE76CB38-E5EF-47BE-B497-C07A846B229B}.SRelease|Win32.ActiveCfg = Release|Win32
		{DE76CB38-E5EF-47BE-B497-C07A846B229B}.SRelease|Win32.Build.0 = Release|Win32
		{DE76CB38-E5EF-47BE-B497-C07A846B229B}.SRelease|x64.ActiveCfg = ExeD|Win32
		{DE76CB38-E5EF-47BE-B497-C07A846B229B}.SRelease|x64.Build.0 = ExeD|Win32
		{DE76CB38-E5EF-47BE-B497-C07A846B229B}.SReleaseA|Win32.ActiveCfg = Release|Win32
		{DE76CB38-E5EF-47BE-B497-C07A846B229B}.SReleaseA|Win32.Build.0 = Release|Win32
		{DE76CB38-E5EF-47BE-B497-C07A846B229B}.SReleaseA|x64.ActiveCfg = ExeD|Win32
		{DE76CB38-E5EF-47BE-B497-C07A846B229B}.SReleaseA|x64.Build.0 = ExeD|Win32
		{DE76CB38-E5EF-47BE-B497-C07A846B229B}.UnicodeDebug|Win32.ActiveCfg = Debug|Win32
		{DE76CB38-E5EF-47BE-B497-C07A846B229B}.UnicodeDebug|Win32.Build.0 = Debug|Win32
		{DE76CB38-E5EF-47BE-B497-C07A846B229B}.UnicodeDebug|x64.ActiveCfg = ExeD|Win32
		{DE76CB38-E5EF-47BE-B497-C07A846B229B}.UnicodeDebug|x64.Build.0 = ExeD|Win32
		{DE76CB38-E5EF-47BE-B497-C07A846B229B}.UnicodeRelease|Win32.ActiveCfg = Release|Win32
		{DE76CB38-E5EF-47BE-B497-C07A846B229B}.UnicodeRelease|Win32.Build.0 = Release|Win32
		{DE76CB38-E5EF-47BE-B497-C07A846B229B}.UnicodeRelease|x64.ActiveCfg = ExeD|Win32
		{DE76CB38-E5EF-47BE-B497-C07A846B229B}.UnicodeRelease|x64.Build.0 = ExeD|Win32
	EndGlobalSection
	GlobalSection(SolutionProperties) = preSolution
		HideSolutionNode = FALSE
	EndGlobalSection
EndGlobal
