<?xml version="1.0" encoding="utf-8"?>
<Project ToolsVersion="4.0" xmlns="http://schemas.microsoft.com/developer/msbuild/2003">
  <ItemGroup>
    <Filter Include="源文件">
      <UniqueIdentifier>{4FC737F1-C7A5-4376-A066-2A32D752A2FF}</UniqueIdentifier>
      <Extensions>cpp;c;cc;cxx;def;odl;idl;hpj;bat;asm;asmx</Extensions>
    </Filter>
    <Filter Include="头文件">
      <UniqueIdentifier>{93995380-89BD-4b04-88EB-625FBE52EBFB}</UniqueIdentifier>
      <Extensions>h;hpp;hxx;hm;inl;inc;xsd</Extensions>
    </Filter>
    <Filter Include="资源文件">
      <UniqueIdentifier>{67DA6AB6-F800-4c08-8B7A-83BB121AAD01}</UniqueIdentifier>
      <Extensions>rc;ico;cur;bmp;dlg;rc2;rct;bin;rgs;gif;jpg;jpeg;jpe;resx;tiff;tif;png;wav;mfcribbon-ms</Extensions>
    </Filter>
    <Filter Include="头文件\UI">
      <UniqueIdentifier>{4363ec0a-3cbd-4939-8ca3-c313c4859153}</UniqueIdentifier>
    </Filter>
    <Filter Include="头文件\settings">
      <UniqueIdentifier>{e6590073-a675-4481-80eb-ba45999d8888}</UniqueIdentifier>
    </Filter>
  </ItemGroup>
  <ItemGroup>
    <ClCompile Include="app.cpp">
      <Filter>源文件</Filter>
    </ClCompile>
    <ClCompile Include="utilLog.cpp">
      <Filter>源文件</Filter>
    </ClCompile>
    <ClCompile Include="appframeImpl.cpp">
      <Filter>源文件</Filter>
    </ClCompile>
    <ClCompile Include="webEventHandler.cpp">
      <Filter>源文件</Filter>
    </ClCompile>
    <ClCompile Include="IeUtils.cpp">
      <Filter>源文件</Filter>
    </ClCompile>
    <ClCompile Include="webOption.cpp">
      <Filter>源文件</Filter>
    </ClCompile>
    <ClCompile Include="Favor.cpp">
      <Filter>源文件</Filter>
    </ClCompile>
    <ClCompile Include="StringUtils.cpp">
      <Filter>源文件</Filter>
    </ClCompile>
    <ClCompile Include="CppSQLite3.cpp">
      <Filter>源文件</Filter>
    </ClCompile>
  </ItemGroup>
  <ItemGroup>
    <ClInclude Include="resource.h">
      <Filter>头文件</Filter>
    </ClInclude>
    <ClInclude Include="Favor.h">
      <Filter>头文件</Filter>
    </ClInclude>
    <ClInclude Include="app_config.h">
      <Filter>头文件</Filter>
    </ClInclude>
    <ClInclude Include="utilities.h">
      <Filter>头文件</Filter>
    </ClInclude>
    <ClInclude Include="webEventHandler.h">
      <Filter>头文件</Filter>
    </ClInclude>
    <ClInclude Include="appframe.h">
      <Filter>头文件</Filter>
    </ClInclude>
    <ClInclude Include="CppSQLite3.h">
      <Filter>头文件</Filter>
    </ClInclude>
    <ClInclude Include="xxstring.h">
      <Filter>源文件</Filter>
    </ClInclude>
    <ClInclude Include="..\thirdparty\json\json.hpp">
      <Filter>源文件</Filter>
    </ClInclude>
    <ClInclude Include="MenuWnd.h">
      <Filter>头文件</Filter>
    </ClInclude>
    <ClInclude Include="app_favorframe.h">
      <Filter>头文件</Filter>
    </ClInclude>
    <ClInclude Include="eventpool.h">
      <Filter>源文件</Filter>
    </ClInclude>
    <ClInclude Include="_re.h">
      <Filter>头文件</Filter>
    </ClInclude>
    <ClInclude Include="app_selectframe.h">
      <Filter>头文件</Filter>
    </ClInclude>
  </ItemGroup>
  <ItemGroup>
    <ResourceCompile Include="browser1.rc">
      <Filter>资源文件</Filter>
    </ResourceCompile>
  </ItemGroup>
  <ItemGroup>
    <None Include="xml1.bin">
      <Filter>资源文件</Filter>
    </None>
    <None Include="..\Debug\skin\appicon.png">
      <Filter>资源文件</Filter>
    </None>
    <None Include="..\Debug\skin\menu.xml">
      <Filter>资源文件</Filter>
    </None>
    <None Include="..\Debug\skin\about.xml">
      <Filter>资源文件</Filter>
    </None>
    <None Include="..\Debug\frame.xml">
      <Filter>资源文件</Filter>
    </None>
    <None Include="..\Debug\skin\favor.xml">
      <Filter>资源文件</Filter>
    </None>
    <None Include="..\Debug\skin\history.xml">
      <Filter>资源文件</Filter>
    </None>
    <None Include="..\Debug\skin\closetip.xml">
      <Filter>资源文件</Filter>
    </None>
    <None Include="..\Debug\skin\favor_add_item.xml">
      <Filter>资源文件</Filter>
    </None>
    <None Include="..\Debug\setting\js\bookmark.js">
      <Filter>头文件\settings</Filter>
    </None>
    <None Include="..\Debug\setting\js\bookmarkimpl.js">
      <Filter>头文件\settings</Filter>
    </None>
    <None Include="..\Debug\setting\js\history.js">
      <Filter>头文件\settings</Filter>
    </None>
    <None Include="..\Debug\setting\js\history.js.bak">
      <Filter>头文件\settings</Filter>
    </None>
    <None Include="..\Debug\setting\js\historyimpl.js">
      <Filter>头文件\settings</Filter>
    </None>
    <None Include="..\Debug\setting\js\index.js">
      <Filter>头文件\settings</Filter>
    </None>
    <None Include="..\Debug\setting\js\index.js.bak">
      <Filter>头文件\settings</Filter>
    </None>
    <None Include="..\Debug\setting\js\indeximpl.js">
      <Filter>头文件\settings</Filter>
    </None>
    <None Include="..\Debug\setting\js\jquery-1.6.2.min.js">
      <Filter>头文件\settings</Filter>
    </None>
    <None Include="..\Debug\setting\js\jquery-2.1.4.min.js">
      <Filter>头文件\settings</Filter>
    </None>
    <None Include="..\Debug\setting\js\json2.js">
      <Filter>头文件\settings</Filter>
    </None>
    <None Include="..\Debug\setting\js\settingimpl.js">
      <Filter>头文件\settings</Filter>
    </None>
    <None Include="..\Debug\setting\js\settings.js">
      <Filter>头文件\settings</Filter>
    </None>
    <None Include="..\Debug\setting\js\settings.js.bak">
      <Filter>头文件\settings</Filter>
    </None>
    <None Include="..\Debug\setting\js\style.js">
      <Filter>头文件\settings</Filter>
    </None>
  </ItemGroup>
  <ItemGroup>
    <Image Include="icon2.ico">
      <Filter>资源文件</Filter>
    </Image>
    <Image Include="icon3.ico">
      <Filter>资源文件</Filter>
    </Image>
    <Image Include="..\Debug\logo64.ico">
      <Filter>资源文件</Filter>
    </Image>
  </ItemGroup>
  <ItemGroup>
    <Xml Include="Debug\skin\menu.xml" />
  </ItemGroup>
</Project>